
Microsoft Visual Studio Solution File, Format Version 12.00
# Visual Studio Version 16
VisualStudioVersion = 16.0.31321.278
MinimumVisualStudioVersion = 10.0.40219.1
Project("{FAE04EC0-301F-11D3-BF4B-00C04F79EFBC}") = "News Dashboard", "News Dashboard\News Dashboard.csproj", "{EF6201D0-F6B3-4506-A3A6-CA3BA367E85D}"
EndProject
Global
	GlobalSection(SolutionConfigurationPlatforms) = preSolution
		Debug|Any CPU = Debug|Any CPU
		Release|Any CPU = Release|Any CPU
	EndGlobalSection
	GlobalSection(ProjectConfigurationPlatforms) = postSolution
		{EF6201D0-F6B3-4506-A3A6-CA3BA367E85D}.Debug|Any CPU.ActiveCfg = Debug|Any CPU
		{EF6201D0-F6B3-4506-A3A6-CA3BA367E85D}.Debug|Any CPU.Build.0 = Debug|Any CPU
		{EF6201D0-F6B3-4506-A3A6-CA3BA367E85D}.Release|Any CPU.ActiveCfg = Release|Any CPU
		{EF6201D0-F6B3-4506-A3A6-CA3BA367E85D}.Release|Any CPU.Build.0 = Release|Any CPU
	EndGlobalSection
	GlobalSection(SolutionProperties) = preSolution
		HideSolutionNode = FALSE
	EndGlobalSection
	GlobalSection(ExtensibilityGlobals) = postSolution
		SolutionGuid = {40075F9D-DBAD-4BB3-A4D9-22829B1E142D}
	EndGlobalSection
EndGlobal
